// !$*UTF8*$!
{
	archiveVersion = 1;
	classes = {
	};
	objectVersion = 51;
	objects = {

/* Begin PBXBuildFile section */
		3425CB94A0B594A018DA5C2A /* Pods_Habitz.framework in Frameworks */ = {isa = PBXBuildFile; fileRef = D7361A2EAED821D71016D23F /* Pods_Habitz.framework */; };
		69040AE12644BED400414F10 /* StoreKit.framework in Frameworks */ = {isa = PBXBuildFile; fileRef = 69040AE02644BED400414F10 /* StoreKit.framework */; };
		691600792606E98C00DEF042 /* HabitButton.swift in Sources */ = {isa = PBXBuildFile; fileRef = 691600782606E98C00DEF042 /* HabitButton.swift */; };
		6953939225F5320900D50D59 /* SettingsView.swift in Sources */ = {isa = PBXBuildFile; fileRef = 6953939125F5320900D50D59 /* SettingsView.swift */; };
		695EC820269BCE8C006B2D1B /* SoundManager.swift in Sources */ = {isa = PBXBuildFile; fileRef = 695EC81F269BCE8C006B2D1B /* SoundManager.swift */; };
		695EC829269BD259006B2D1B /* click.mp3 in Resources */ = {isa = PBXBuildFile; fileRef = 695EC828269BD259006B2D1B /* click.mp3 */; };
		696A65632641C44200B407D5 /* CoreDataManager.swift in Sources */ = {isa = PBXBuildFile; fileRef = 696A65622641C44200B407D5 /* CoreDataManager.swift */; };
		696A656D2642119600B407D5 /* Dimensions.swift in Sources */ = {isa = PBXBuildFile; fileRef = 696A656C2642119600B407D5 /* Dimensions.swift */; };
		696A657126422A2B00B407D5 /* Share.swift in Sources */ = {isa = PBXBuildFile; fileRef = 696A657026422A2B00B407D5 /* Share.swift */; };
		69A0034125F52B100018C0F0 /* AppDelegate.swift in Sources */ = {isa = PBXBuildFile; fileRef = 69A0034025F52B100018C0F0 /* AppDelegate.swift */; };
		69A0034325F52B100018C0F0 /* SceneDelegate.swift in Sources */ = {isa = PBXBuildFile; fileRef = 69A0034225F52B100018C0F0 /* SceneDelegate.swift */; };
		69A0034825F52B100018C0F0 /* Habitz.xcdatamodeld in Sources */ = {isa = PBXBuildFile; fileRef = 69A0034625F52B100018C0F0 /* Habitz.xcdatamodeld */; };
		69A0034A25F52B110018C0F0 /* Assets.xcassets in Resources */ = {isa = PBXBuildFile; fileRef = 69A0034925F52B110018C0F0 /* Assets.xcassets */; };
		69A0034D25F52B110018C0F0 /* Preview Assets.xcassets in Resources */ = {isa = PBXBuildFile; fileRef = 69A0034C25F52B110018C0F0 /* Preview Assets.xcassets */; };
		69A0035025F52B110018C0F0 /* LaunchScreen.storyboard in Resources */ = {isa = PBXBuildFile; fileRef = 69A0034E25F52B110018C0F0 /* LaunchScreen.storyboard */; };
		69A0035B25F52D080018C0F0 /* CreateHabitView.swift in Sources */ = {isa = PBXBuildFile; fileRef = 69A0035A25F52D080018C0F0 /* CreateHabitView.swift */; };
		69A0035F25F52D130018C0F0 /* HabitView.swift in Sources */ = {isa = PBXBuildFile; fileRef = 69A0035E25F52D130018C0F0 /* HabitView.swift */; };
		69A0036225F52D200018C0F0 /* NewHabitButton.swift in Sources */ = {isa = PBXBuildFile; fileRef = 69A0036125F52D200018C0F0 /* NewHabitButton.swift */; };
		69A0036525F52D640018C0F0 /* NewHabitView.swift in Sources */ = {isa = PBXBuildFile; fileRef = 69A0036425F52D640018C0F0 /* NewHabitView.swift */; };
		69A0037A25F52F810018C0F0 /* ControlView.swift in Sources */ = {isa = PBXBuildFile; fileRef = 69A0037925F52F810018C0F0 /* ControlView.swift */; };
		69BCB6352638EB95007AAB77 /* CreateHabitViewModel.swift in Sources */ = {isa = PBXBuildFile; fileRef = 69BCB6342638EB95007AAB77 /* CreateHabitViewModel.swift */; };
		69BCD98C261FEE0300372005 /* HabitUtils.swift in Sources */ = {isa = PBXBuildFile; fileRef = 69BCD98B261FEE0300372005 /* HabitUtils.swift */; };
		69BCD990261FEEB700372005 /* UserStorageUtil.swift in Sources */ = {isa = PBXBuildFile; fileRef = 69BCD98F261FEEB700372005 /* UserStorageUtil.swift */; };
		69BCD998261FF07900372005 /* Theme.swift in Sources */ = {isa = PBXBuildFile; fileRef = 69BCD997261FF07900372005 /* Theme.swift */; };
		69BCD99C261FF39D00372005 /* Confetti.swift in Sources */ = {isa = PBXBuildFile; fileRef = 69BCD99B261FF39D00372005 /* Confetti.swift */; };
		69DBF80326430C05009A745C /* Habit+CoreDataClass.swift in Sources */ = {isa = PBXBuildFile; fileRef = 69DBF7FF26430C05009A745C /* Habit+CoreDataClass.swift */; };
		69DBF80426430C05009A745C /* Habit+CoreDataProperties.swift in Sources */ = {isa = PBXBuildFile; fileRef = 69DBF80026430C05009A745C /* Habit+CoreDataProperties.swift */; };
		69DBF80526430C05009A745C /* Insights+CoreDataClass.swift in Sources */ = {isa = PBXBuildFile; fileRef = 69DBF80126430C05009A745C /* Insights+CoreDataClass.swift */; };
		69DBF80626430C05009A745C /* Insights+CoreDataProperties.swift in Sources */ = {isa = PBXBuildFile; fileRef = 69DBF80226430C05009A745C /* Insights+CoreDataProperties.swift */; };
		69DBF81426430F84009A745C /* HabitInsightView.swift in Sources */ = {isa = PBXBuildFile; fileRef = 69DBF81326430F84009A745C /* HabitInsightView.swift */; };
		69DBF81A26432831009A745C /* HabitInsightViewModel.swift in Sources */ = {isa = PBXBuildFile; fileRef = 69DBF81926432831009A745C /* HabitInsightViewModel.swift */; };
/* End PBXBuildFile section */

/* Begin PBXFileReference section */
		113970D90790F89E5CCAAD63 /* Pods-Habitz.debug.xcconfig */ = {isa = PBXFileReference; includeInIndex = 1; lastKnownFileType = text.xcconfig; name = "Pods-Habitz.debug.xcconfig"; path = "Target Support Files/Pods-Habitz/Pods-Habitz.debug.xcconfig"; sourceTree = "<group>"; };
		3297D5397C8BFB4956A6152D /* Pods-Habitz.release.xcconfig */ = {isa = PBXFileReference; includeInIndex = 1; lastKnownFileType = text.xcconfig; name = "Pods-Habitz.release.xcconfig"; path = "Target Support Files/Pods-Habitz/Pods-Habitz.release.xcconfig"; sourceTree = "<group>"; };
		69040AE02644BED400414F10 /* StoreKit.framework */ = {isa = PBXFileReference; lastKnownFileType = wrapper.framework; name = StoreKit.framework; path = System/Library/Frameworks/StoreKit.framework; sourceTree = SDKROOT; };
		691600782606E98C00DEF042 /* HabitButton.swift */ = {isa = PBXFileReference; lastKnownFileType = sourcecode.swift; path = HabitButton.swift; sourceTree = "<group>"; };
		6953939125F5320900D50D59 /* SettingsView.swift */ = {isa = PBXFileReference; lastKnownFileType = sourcecode.swift; path = SettingsView.swift; sourceTree = "<group>"; };
		695EC81F269BCE8C006B2D1B /* SoundManager.swift */ = {isa = PBXFileReference; lastKnownFileType = sourcecode.swift; path = SoundManager.swift; sourceTree = "<group>"; };
		695EC828269BD259006B2D1B /* click.mp3 */ = {isa = PBXFileReference; lastKnownFileType = audio.mp3; path = click.mp3; sourceTree = "<group>"; };
		696A65622641C44200B407D5 /* CoreDataManager.swift */ = {isa = PBXFileReference; lastKnownFileType = sourcecode.swift; path = CoreDataManager.swift; sourceTree = "<group>"; };
		696A656C2642119600B407D5 /* Dimensions.swift */ = {isa = PBXFileReference; lastKnownFileType = sourcecode.swift; path = Dimensions.swift; sourceTree = "<group>"; };
		696A657026422A2B00B407D5 /* Share.swift */ = {isa = PBXFileReference; lastKnownFileType = sourcecode.swift; path = Share.swift; sourceTree = "<group>"; };
		69A0033D25F52B100018C0F0 /* Habitz.app */ = {isa = PBXFileReference; explicitFileType = wrapper.application; includeInIndex = 0; path = Habitz.app; sourceTree = BUILT_PRODUCTS_DIR; };
		69A0034025F52B100018C0F0 /* AppDelegate.swift */ = {isa = PBXFileReference; lastKnownFileType = sourcecode.swift; path = AppDelegate.swift; sourceTree = "<group>"; };
		69A0034225F52B100018C0F0 /* SceneDelegate.swift */ = {isa = PBXFileReference; lastKnownFileType = sourcecode.swift; path = SceneDelegate.swift; sourceTree = "<group>"; };
		69A0034725F52B100018C0F0 /* Habitz.xcdatamodel */ = {isa = PBXFileReference; lastKnownFileType = wrapper.xcdatamodel; path = Habitz.xcdatamodel; sourceTree = "<group>"; };
		69A0034925F52B110018C0F0 /* Assets.xcassets */ = {isa = PBXFileReference; lastKnownFileType = folder.assetcatalog; path = Assets.xcassets; sourceTree = "<group>"; };
		69A0034C25F52B110018C0F0 /* Preview Assets.xcassets */ = {isa = PBXFileReference; lastKnownFileType = folder.assetcatalog; path = "Preview Assets.xcassets"; sourceTree = "<group>"; };
		69A0034F25F52B110018C0F0 /* Base */ = {isa = PBXFileReference; lastKnownFileType = file.storyboard; name = Base; path = Base.lproj/LaunchScreen.storyboard; sourceTree = "<group>"; };
		69A0035125F52B110018C0F0 /* Info.plist */ = {isa = PBXFileReference; lastKnownFileType = text.plist.xml; path = Info.plist; sourceTree = "<group>"; };
		69A0035A25F52D080018C0F0 /* CreateHabitView.swift */ = {isa = PBXFileReference; lastKnownFileType = sourcecode.swift; path = CreateHabitView.swift; sourceTree = "<group>"; };
		69A0035E25F52D130018C0F0 /* HabitView.swift */ = {isa = PBXFileReference; lastKnownFileType = sourcecode.swift; path = HabitView.swift; sourceTree = "<group>"; };
		69A0036125F52D200018C0F0 /* NewHabitButton.swift */ = {isa = PBXFileReference; lastKnownFileType = sourcecode.swift; path = NewHabitButton.swift; sourceTree = "<group>"; };
		69A0036425F52D640018C0F0 /* NewHabitView.swift */ = {isa = PBXFileReference; lastKnownFileType = sourcecode.swift; path = NewHabitView.swift; sourceTree = "<group>"; };
		69A0037925F52F810018C0F0 /* ControlView.swift */ = {isa = PBXFileReference; lastKnownFileType = sourcecode.swift; path = ControlView.swift; sourceTree = "<group>"; };
		69BCB6342638EB95007AAB77 /* CreateHabitViewModel.swift */ = {isa = PBXFileReference; lastKnownFileType = sourcecode.swift; path = CreateHabitViewModel.swift; sourceTree = "<group>"; };
		69BCD98B261FEE0300372005 /* HabitUtils.swift */ = {isa = PBXFileReference; lastKnownFileType = sourcecode.swift; path = HabitUtils.swift; sourceTree = "<group>"; };
		69BCD98F261FEEB700372005 /* UserStorageUtil.swift */ = {isa = PBXFileReference; lastKnownFileType = sourcecode.swift; path = UserStorageUtil.swift; sourceTree = "<group>"; };
		69BCD997261FF07900372005 /* Theme.swift */ = {isa = PBXFileReference; lastKnownFileType = sourcecode.swift; path = Theme.swift; sourceTree = "<group>"; };
		69BCD99B261FF39D00372005 /* Confetti.swift */ = {isa = PBXFileReference; lastKnownFileType = sourcecode.swift; path = Confetti.swift; sourceTree = "<group>"; };
		69DBF7FF26430C05009A745C /* Habit+CoreDataClass.swift */ = {isa = PBXFileReference; lastKnownFileType = sourcecode.swift; path = "Habit+CoreDataClass.swift"; sourceTree = "<group>"; };
		69DBF80026430C05009A745C /* Habit+CoreDataProperties.swift */ = {isa = PBXFileReference; lastKnownFileType = sourcecode.swift; path = "Habit+CoreDataProperties.swift"; sourceTree = "<group>"; };
		69DBF80126430C05009A745C /* Insights+CoreDataClass.swift */ = {isa = PBXFileReference; lastKnownFileType = sourcecode.swift; path = "Insights+CoreDataClass.swift"; sourceTree = "<group>"; };
		69DBF80226430C05009A745C /* Insights+CoreDataProperties.swift */ = {isa = PBXFileReference; lastKnownFileType = sourcecode.swift; path = "Insights+CoreDataProperties.swift"; sourceTree = "<group>"; };
		69DBF81326430F84009A745C /* HabitInsightView.swift */ = {isa = PBXFileReference; lastKnownFileType = sourcecode.swift; path = HabitInsightView.swift; sourceTree = "<group>"; };
		69DBF81926432831009A745C /* HabitInsightViewModel.swift */ = {isa = PBXFileReference; lastKnownFileType = sourcecode.swift; path = HabitInsightViewModel.swift; sourceTree = "<group>"; };
		D7361A2EAED821D71016D23F /* Pods_Habitz.framework */ = {isa = PBXFileReference; explicitFileType = wrapper.framework; includeInIndex = 0; path = Pods_Habitz.framework; sourceTree = BUILT_PRODUCTS_DIR; };
/* End PBXFileReference section */

/* Begin PBXFrameworksBuildPhase section */
		69A0033A25F52B100018C0F0 /* Frameworks */ = {
			isa = PBXFrameworksBuildPhase;
			buildActionMask = 2147483647;
			files = (
				69040AE12644BED400414F10 /* StoreKit.framework in Frameworks */,
				3425CB94A0B594A018DA5C2A /* Pods_Habitz.framework in Frameworks */,
			);
			runOnlyForDeploymentPostprocessing = 0;
		};
/* End PBXFrameworksBuildPhase section */

/* Begin PBXGroup section */
		69040ADF2644BED400414F10 /* Frameworks */ = {
			isa = PBXGroup;
			children = (
				69040AE02644BED400414F10 /* StoreKit.framework */,
				D7361A2EAED821D71016D23F /* Pods_Habitz.framework */,
			);
			name = Frameworks;
			sourceTree = "<group>";
		};
		6916006F2606DCB400DEF042 /* UIElements */ = {
			isa = PBXGroup;
			children = (
				691600782606E98C00DEF042 /* HabitButton.swift */,
				69BCD99B261FF39D00372005 /* Confetti.swift */,
			);
			path = UIElements;
			sourceTree = "<group>";
		};
		6923E35725F57A5300F80423 /* CreateHabit */ = {
			isa = PBXGroup;
			children = (
				69A0035A25F52D080018C0F0 /* CreateHabitView.swift */,
				69BCB6342638EB95007AAB77 /* CreateHabitViewModel.swift */,
			);
			path = CreateHabit;
			sourceTree = "<group>";
		};
		6923E35825F57A5D00F80423 /* NewHabit */ = {
			isa = PBXGroup;
			children = (
				69A0036425F52D640018C0F0 /* NewHabitView.swift */,
				69A0036125F52D200018C0F0 /* NewHabitButton.swift */,
			);
			path = NewHabit;
			sourceTree = "<group>";
		};
		6923E35925F57A7000F80423 /* Habit */ = {
			isa = PBXGroup;
			children = (
				69A0035E25F52D130018C0F0 /* HabitView.swift */,
				69BCD98B261FEE0300372005 /* HabitUtils.swift */,
			);
			path = Habit;
			sourceTree = "<group>";
		};
		6953939025F531F500D50D59 /* Settings */ = {
			isa = PBXGroup;
			children = (
				6953939125F5320900D50D59 /* SettingsView.swift */,
			);
			path = Settings;
			sourceTree = "<group>";
		};
		695EC823269BD238006B2D1B /* SoundFX */ = {
			isa = PBXGroup;
			children = (
				695EC828269BD259006B2D1B /* click.mp3 */,
			);
			path = SoundFX;
			sourceTree = "<group>";
		};
		696A65662641CF0300B407D5 /* DataManager */ = {
			isa = PBXGroup;
			children = (
				696A65622641C44200B407D5 /* CoreDataManager.swift */,
			);
			path = DataManager;
			sourceTree = "<group>";
		};
		698B05AD260FC67C00F7AB3B /* Model */ = {
			isa = PBXGroup;
			children = (
				69A0034625F52B100018C0F0 /* Habitz.xcdatamodeld */,
				69DBF7FF26430C05009A745C /* Habit+CoreDataClass.swift */,
				69DBF80026430C05009A745C /* Habit+CoreDataProperties.swift */,
				69DBF80126430C05009A745C /* Insights+CoreDataClass.swift */,
				69DBF80226430C05009A745C /* Insights+CoreDataProperties.swift */,
			);
			path = Model;
			sourceTree = "<group>";
		};
		69A0033425F52B100018C0F0 = {
			isa = PBXGroup;
			children = (
				69A0033F25F52B100018C0F0 /* Habitz */,
				69A0033E25F52B100018C0F0 /* Products */,
				69040ADF2644BED400414F10 /* Frameworks */,
				E0C76201116D6E044AA77689 /* Pods */,
			);
			sourceTree = "<group>";
		};
		69A0033E25F52B100018C0F0 /* Products */ = {
			isa = PBXGroup;
			children = (
				69A0033D25F52B100018C0F0 /* Habitz.app */,
			);
			name = Products;
			sourceTree = "<group>";
		};
		69A0033F25F52B100018C0F0 /* Habitz */ = {
			isa = PBXGroup;
			children = (
				69A0037325F52F0E0018C0F0 /* Control */,
				69A0036F25F52EE00018C0F0 /* Insights */,
				6923E35825F57A5D00F80423 /* NewHabit */,
				6923E35725F57A5300F80423 /* CreateHabit */,
				6923E35925F57A7000F80423 /* Habit */,
				6953939025F531F500D50D59 /* Settings */,
				69A0036725F52D9D0018C0F0 /* Shared */,
				69BCD98E261FEEA900372005 /* Utils */,
				696A65662641CF0300B407D5 /* DataManager */,
				698B05AD260FC67C00F7AB3B /* Model */,
				69A0034025F52B100018C0F0 /* AppDelegate.swift */,
				69A0034225F52B100018C0F0 /* SceneDelegate.swift */,
				69A0034925F52B110018C0F0 /* Assets.xcassets */,
				69A0034E25F52B110018C0F0 /* LaunchScreen.storyboard */,
				69A0035125F52B110018C0F0 /* Info.plist */,
				69A0034B25F52B110018C0F0 /* Preview Content */,
			);
			path = Habitz;
			sourceTree = "<group>";
		};
		69A0034B25F52B110018C0F0 /* Preview Content */ = {
			isa = PBXGroup;
			children = (
				69A0034C25F52B110018C0F0 /* Preview Assets.xcassets */,
			);
			path = "Preview Content";
			sourceTree = "<group>";
		};
		69A0036725F52D9D0018C0F0 /* Shared */ = {
			isa = PBXGroup;
			children = (
				695EC823269BD238006B2D1B /* SoundFX */,
				695EC81F269BCE8C006B2D1B /* SoundManager.swift */,
				69BCD997261FF07900372005 /* Theme.swift */,
				696A656C2642119600B407D5 /* Dimensions.swift */,
				6916006F2606DCB400DEF042 /* UIElements */,
			);
			path = Shared;
			sourceTree = "<group>";
		};
		69A0036F25F52EE00018C0F0 /* Insights */ = {
			isa = PBXGroup;
			children = (
				69DBF81326430F84009A745C /* HabitInsightView.swift */,
				69DBF81926432831009A745C /* HabitInsightViewModel.swift */,
			);
			path = Insights;
			sourceTree = "<group>";
		};
		69A0037325F52F0E0018C0F0 /* Control */ = {
			isa = PBXGroup;
			children = (
				69A0037925F52F810018C0F0 /* ControlView.swift */,
			);
			path = Control;
			sourceTree = "<group>";
		};
		69BCD98E261FEEA900372005 /* Utils */ = {
			isa = PBXGroup;
			children = (
				69BCD98F261FEEB700372005 /* UserStorageUtil.swift */,
				696A657026422A2B00B407D5 /* Share.swift */,
			);
			path = Utils;
			sourceTree = "<group>";
		};
		E0C76201116D6E044AA77689 /* Pods */ = {
			isa = PBXGroup;
			children = (
				113970D90790F89E5CCAAD63 /* Pods-Habitz.debug.xcconfig */,
				3297D5397C8BFB4956A6152D /* Pods-Habitz.release.xcconfig */,
			);
			path = Pods;
			sourceTree = "<group>";
		};
/* End PBXGroup section */

/* Begin PBXNativeTarget section */
		69A0033C25F52B100018C0F0 /* Habitz */ = {
			isa = PBXNativeTarget;
			buildConfigurationList = 69A0035425F52B110018C0F0 /* Build configuration list for PBXNativeTarget "Habitz" */;
			buildPhases = (
				47D1516DC987634CE12F1BC6 /* [CP] Check Pods Manifest.lock */,
				69A0033925F52B100018C0F0 /* Sources */,
				69A0033A25F52B100018C0F0 /* Frameworks */,
				69A0033B25F52B100018C0F0 /* Resources */,
				1656D8E290A483F19ED83F09 /* [CP] Embed Pods Frameworks */,
			);
			buildRules = (
			);
			dependencies = (
			);
			name = Habitz;
			productName = Habitz;
			productReference = 69A0033D25F52B100018C0F0 /* Habitz.app */;
			productType = "com.apple.product-type.application";
		};
/* End PBXNativeTarget section */

/* Begin PBXProject section */
		69A0033525F52B100018C0F0 /* Project object */ = {
			isa = PBXProject;
			attributes = {
				LastSwiftUpdateCheck = 1240;
				LastUpgradeCheck = 1240;
				TargetAttributes = {
					69A0033C25F52B100018C0F0 = {
						CreatedOnToolsVersion = 12.4;
					};
				};
			};
			buildConfigurationList = 69A0033825F52B100018C0F0 /* Build configuration list for PBXProject "Habitz" */;
			compatibilityVersion = "Xcode 9.3";
			developmentRegion = en;
			hasScannedForEncodings = 0;
			knownRegions = (
				en,
				Base,
			);
			mainGroup = 69A0033425F52B100018C0F0;
			productRefGroup = 69A0033E25F52B100018C0F0 /* Products */;
			projectDirPath = "";
			projectRoot = "";
			targets = (
				69A0033C25F52B100018C0F0 /* Habitz */,
			);
		};
/* End PBXProject section */

/* Begin PBXResourcesBuildPhase section */
		69A0033B25F52B100018C0F0 /* Resources */ = {
			isa = PBXResourcesBuildPhase;
			buildActionMask = 2147483647;
			files = (
				69A0035025F52B110018C0F0 /* LaunchScreen.storyboard in Resources */,
				695EC829269BD259006B2D1B /* click.mp3 in Resources */,
				69A0034D25F52B110018C0F0 /* Preview Assets.xcassets in Resources */,
				69A0034A25F52B110018C0F0 /* Assets.xcassets in Resources */,
			);
			runOnlyForDeploymentPostprocessing = 0;
		};
/* End PBXResourcesBuildPhase section */

/* Begin PBXShellScriptBuildPhase section */
		1656D8E290A483F19ED83F09 /* [CP] Embed Pods Frameworks */ = {
			isa = PBXShellScriptBuildPhase;
			buildActionMask = 2147483647;
			files = (
			);
			inputFileListPaths = (
				"${PODS_ROOT}/Target Support Files/Pods-Habitz/Pods-Habitz-frameworks-${CONFIGURATION}-input-files.xcfilelist",
			);
			name = "[CP] Embed Pods Frameworks";
			outputFileListPaths = (
				"${PODS_ROOT}/Target Support Files/Pods-Habitz/Pods-Habitz-frameworks-${CONFIGURATION}-output-files.xcfilelist",
			);
			runOnlyForDeploymentPostprocessing = 0;
			shellPath = /bin/sh;
			shellScript = "\"${PODS_ROOT}/Target Support Files/Pods-Habitz/Pods-Habitz-frameworks.sh\"\n";
			showEnvVarsInLog = 0;
		};
		47D1516DC987634CE12F1BC6 /* [CP] Check Pods Manifest.lock */ = {
			isa = PBXShellScriptBuildPhase;
			buildActionMask = 2147483647;
			files = (
			);
			inputFileListPaths = (
			);
			inputPaths = (
				"${PODS_PODFILE_DIR_PATH}/Podfile.lock",
				"${PODS_ROOT}/Manifest.lock",
			);
			name = "[CP] Check Pods Manifest.lock";
			outputFileListPaths = (
			);
			outputPaths = (
				"$(DERIVED_FILE_DIR)/Pods-Habitz-checkManifestLockResult.txt",
			);
			runOnlyForDeploymentPostprocessing = 0;
			shellPath = /bin/sh;
			shellScript = "diff \"${PODS_PODFILE_DIR_PATH}/Podfile.lock\" \"${PODS_ROOT}/Manifest.lock\" > /dev/null\nif [ $? != 0 ] ; then\n    # print error to STDERR\n    echo \"error: The sandbox is not in sync with the Podfile.lock. Run 'pod install' or update your CocoaPods installation.\" >&2\n    exit 1\nfi\n# This output is used by Xcode 'outputs' to avoid re-running this script phase.\necho \"SUCCESS\" > \"${SCRIPT_OUTPUT_FILE_0}\"\n";
			showEnvVarsInLog = 0;
		};
/* End PBXShellScriptBuildPhase section */

/* Begin PBXSourcesBuildPhase section */
		69A0033925F52B100018C0F0 /* Sources */ = {
			isa = PBXSourcesBuildPhase;
			buildActionMask = 2147483647;
			files = (
				691600792606E98C00DEF042 /* HabitButton.swift in Sources */,
				69A0034125F52B100018C0F0 /* AppDelegate.swift in Sources */,
				69DBF81426430F84009A745C /* HabitInsightView.swift in Sources */,
				69A0034825F52B100018C0F0 /* Habitz.xcdatamodeld in Sources */,
				696A65632641C44200B407D5 /* CoreDataManager.swift in Sources */,
				69DBF80326430C05009A745C /* Habit+CoreDataClass.swift in Sources */,
				69A0037A25F52F810018C0F0 /* ControlView.swift in Sources */,
				69A0036525F52D640018C0F0 /* NewHabitView.swift in Sources */,
				69DBF81A26432831009A745C /* HabitInsightViewModel.swift in Sources */,
				69DBF80626430C05009A745C /* Insights+CoreDataProperties.swift in Sources */,
				69A0034325F52B100018C0F0 /* SceneDelegate.swift in Sources */,
				69BCD98C261FEE0300372005 /* HabitUtils.swift in Sources */,
				69A0035B25F52D080018C0F0 /* CreateHabitView.swift in Sources */,
				69DBF80526430C05009A745C /* Insights+CoreDataClass.swift in Sources */,
				695EC820269BCE8C006B2D1B /* SoundManager.swift in Sources */,
				69BCD990261FEEB700372005 /* UserStorageUtil.swift in Sources */,
				69BCD998261FF07900372005 /* Theme.swift in Sources */,
				69A0035F25F52D130018C0F0 /* HabitView.swift in Sources */,
				69DBF80426430C05009A745C /* Habit+CoreDataProperties.swift in Sources */,
				6953939225F5320900D50D59 /* SettingsView.swift in Sources */,
				69BCB6352638EB95007AAB77 /* CreateHabitViewModel.swift in Sources */,
				696A657126422A2B00B407D5 /* Share.swift in Sources */,
				696A656D2642119600B407D5 /* Dimensions.swift in Sources */,
				69A0036225F52D200018C0F0 /* NewHabitButton.swift in Sources */,
				69BCD99C261FF39D00372005 /* Confetti.swift in Sources */,
			);
			runOnlyForDeploymentPostprocessing = 0;
		};
/* End PBXSourcesBuildPhase section */

/* Begin PBXVariantGroup section */
		69A0034E25F52B110018C0F0 /* LaunchScreen.storyboard */ = {
			isa = PBXVariantGroup;
			children = (
				69A0034F25F52B110018C0F0 /* Base */,
			);
			name = LaunchScreen.storyboard;
			sourceTree = "<group>";
		};
/* End PBXVariantGroup section */

/* Begin XCBuildConfiguration section */
		69A0035225F52B110018C0F0 /* Debug */ = {
			isa = XCBuildConfiguration;
			buildSettings = {
				ALWAYS_SEARCH_USER_PATHS = NO;
				CLANG_ANALYZER_NONNULL = YES;
				CLANG_ANALYZER_NUMBER_OBJECT_CONVERSION = YES_AGGRESSIVE;
				CLANG_CXX_LANGUAGE_STANDARD = "gnu++14";
				CLANG_CXX_LIBRARY = "libc++";
				CLANG_ENABLE_MODULES = YES;
				CLANG_ENABLE_OBJC_ARC = YES;
				CLANG_ENABLE_OBJC_WEAK = YES;
				CLANG_WARN_BLOCK_CAPTURE_AUTORELEASING = YES;
				CLANG_WARN_BOOL_CONVERSION = YES;
				CLANG_WARN_COMMA = YES;
				CLANG_WARN_CONSTANT_CONVERSION = YES;
				CLANG_WARN_DEPRECATED_OBJC_IMPLEMENTATIONS = YES;
				CLANG_WARN_DIRECT_OBJC_ISA_USAGE = YES_ERROR;
				CLANG_WARN_DOCUMENTATION_COMMENTS = YES;
				CLANG_WARN_EMPTY_BODY = YES;
				CLANG_WARN_ENUM_CONVERSION = YES;
				CLANG_WARN_INFINITE_RECURSION = YES;
				CLANG_WARN_INT_CONVERSION = YES;
				CLANG_WARN_NON_LITERAL_NULL_CONVERSION = YES;
				CLANG_WARN_OBJC_IMPLICIT_RETAIN_SELF = YES;
				CLANG_WARN_OBJC_LITERAL_CONVERSION = YES;
				CLANG_WARN_OBJC_ROOT_CLASS = YES_ERROR;
				CLANG_WARN_QUOTED_INCLUDE_IN_FRAMEWORK_HEADER = YES;
				CLANG_WARN_RANGE_LOOP_ANALYSIS = YES;
				CLANG_WARN_STRICT_PROTOTYPES = YES;
				CLANG_WARN_SUSPICIOUS_MOVE = YES;
				CLANG_WARN_UNGUARDED_AVAILABILITY = YES_AGGRESSIVE;
				CLANG_WARN_UNREACHABLE_CODE = YES;
				CLANG_WARN__DUPLICATE_METHOD_MATCH = YES;
				COPY_PHASE_STRIP = NO;
				DEBUG_INFORMATION_FORMAT = dwarf;
				ENABLE_STRICT_OBJC_MSGSEND = YES;
				ENABLE_TESTABILITY = YES;
				GCC_C_LANGUAGE_STANDARD = gnu11;
				GCC_DYNAMIC_NO_PIC = NO;
				GCC_NO_COMMON_BLOCKS = YES;
				GCC_OPTIMIZATION_LEVEL = 0;
				GCC_PREPROCESSOR_DEFINITIONS = (
					"DEBUG=1",
					"$(inherited)",
				);
				GCC_WARN_64_TO_32_BIT_CONVERSION = YES;
				GCC_WARN_ABOUT_RETURN_TYPE = YES_ERROR;
				GCC_WARN_UNDECLARED_SELECTOR = YES;
				GCC_WARN_UNINITIALIZED_AUTOS = YES_AGGRESSIVE;
				GCC_WARN_UNUSED_FUNCTION = YES;
				GCC_WARN_UNUSED_VARIABLE = YES;
				IPHONEOS_DEPLOYMENT_TARGET = 14.4;
				MTL_ENABLE_DEBUG_INFO = INCLUDE_SOURCE;
				MTL_FAST_MATH = YES;
				ONLY_ACTIVE_ARCH = YES;
				SDKROOT = iphoneos;
				SWIFT_ACTIVE_COMPILATION_CONDITIONS = DEBUG;
				SWIFT_OPTIMIZATION_LEVEL = "-Onone";
			};
			name = Debug;
		};
		69A0035325F52B110018C0F0 /* Release */ = {
			isa = XCBuildConfiguration;
			buildSettings = {
				ALWAYS_SEARCH_USER_PATHS = NO;
				CLANG_ANALYZER_NONNULL = YES;
				CLANG_ANALYZER_NUMBER_OBJECT_CONVERSION = YES_AGGRESSIVE;
				CLANG_CXX_LANGUAGE_STANDARD = "gnu++14";
				CLANG_CXX_LIBRARY = "libc++";
				CLANG_ENABLE_MODULES = YES;
				CLANG_ENABLE_OBJC_ARC = YES;
				CLANG_ENABLE_OBJC_WEAK = YES;
				CLANG_WARN_BLOCK_CAPTURE_AUTORELEASING = YES;
				CLANG_WARN_BOOL_CONVERSION = YES;
				CLANG_WARN_COMMA = YES;
				CLANG_WARN_CONSTANT_CONVERSION = YES;
				CLANG_WARN_DEPRECATED_OBJC_IMPLEMENTATIONS = YES;
				CLANG_WARN_DIRECT_OBJC_ISA_USAGE = YES_ERROR;
				CLANG_WARN_DOCUMENTATION_COMMENTS = YES;
				CLANG_WARN_EMPTY_BODY = YES;
				CLANG_WARN_ENUM_CONVERSION = YES;
				CLANG_WARN_INFINITE_RECURSION = YES;
				CLANG_WARN_INT_CONVERSION = YES;
				CLANG_WARN_NON_LITERAL_NULL_CONVERSION = YES;
				CLANG_WARN_OBJC_IMPLICIT_RETAIN_SELF = YES;
				CLANG_WARN_OBJC_LITERAL_CONVERSION = YES;
				CLANG_WARN_OBJC_ROOT_CLASS = YES_ERROR;
				CLANG_WARN_QUOTED_INCLUDE_IN_FRAMEWORK_HEADER = YES;
				CLANG_WARN_RANGE_LOOP_ANALYSIS = YES;
				CLANG_WARN_STRICT_PROTOTYPES = YES;
				CLANG_WARN_SUSPICIOUS_MOVE = YES;
				CLANG_WARN_UNGUARDED_AVAILABILITY = YES_AGGRESSIVE;
				CLANG_WARN_UNREACHABLE_CODE = YES;
				CLANG_WARN__DUPLICATE_METHOD_MATCH = YES;
				COPY_PHASE_STRIP = NO;
				DEBUG_INFORMATION_FORMAT = "dwarf-with-dsym";
				ENABLE_NS_ASSERTIONS = NO;
				ENABLE_STRICT_OBJC_MSGSEND = YES;
				GCC_C_LANGUAGE_STANDARD = gnu11;
				GCC_NO_COMMON_BLOCKS = YES;
				GCC_WARN_64_TO_32_BIT_CONVERSION = YES;
				GCC_WARN_ABOUT_RETURN_TYPE = YES_ERROR;
				GCC_WARN_UNDECLARED_SELECTOR = YES;
				GCC_WARN_UNINITIALIZED_AUTOS = YES_AGGRESSIVE;
				GCC_WARN_UNUSED_FUNCTION = YES;
				GCC_WARN_UNUSED_VARIABLE = YES;
				IPHONEOS_DEPLOYMENT_TARGET = 14.4;
				MTL_ENABLE_DEBUG_INFO = NO;
				MTL_FAST_MATH = YES;
				SDKROOT = iphoneos;
				SWIFT_COMPILATION_MODE = wholemodule;
				SWIFT_OPTIMIZATION_LEVEL = "-O";
				VALIDATE_PRODUCT = YES;
			};
			name = Release;
		};
		69A0035525F52B110018C0F0 /* Debug */ = {
			isa = XCBuildConfiguration;
			baseConfigurationReference = 113970D90790F89E5CCAAD63 /* Pods-Habitz.debug.xcconfig */;
			buildSettings = {
				ASSETCATALOG_COMPILER_APPICON_NAME = AppIcon;
				ASSETCATALOG_COMPILER_GLOBAL_ACCENT_COLOR_NAME = AccentColor;
				CODE_SIGN_STYLE = Automatic;
				CURRENT_PROJECT_VERSION = 4;
				DEVELOPMENT_ASSET_PATHS = "\"Habitz/Preview Content\"";
				DEVELOPMENT_TEAM = 999U7X78VH;
				ENABLE_PREVIEWS = YES;
				INFOPLIST_FILE = Habitz/Info.plist;
				IPHONEOS_DEPLOYMENT_TARGET = 14.1;
				LD_RUNPATH_SEARCH_PATHS = (
					"$(inherited)",
					"@executable_path/Frameworks",
				);
				MARKETING_VERSION = 1.0;
				PRODUCT_BUNDLE_IDENTIFIER = com.SamuelHepditch.Habitz;
				PRODUCT_NAME = "$(TARGET_NAME)";
				SWIFT_VERSION = 5.0;
				TARGETED_DEVICE_FAMILY = 1;
			};
			name = Debug;
		};
		69A0035625F52B110018C0F0 /* Release */ = {
			isa = XCBuildConfiguration;
			baseConfigurationReference = 3297D5397C8BFB4956A6152D /* Pods-Habitz.release.xcconfig */;
			buildSettings = {
				ASSETCATALOG_COMPILER_APPICON_NAME = AppIcon;
				ASSETCATALOG_COMPILER_GLOBAL_ACCENT_COLOR_NAME = AccentColor;
				CODE_SIGN_STYLE = Automatic;
				CURRENT_PROJECT_VERSION = 4;
				DEVELOPMENT_ASSET_PATHS = "\"Habitz/Preview Content\"";
				DEVELOPMENT_TEAM = 999U7X78VH;
				ENABLE_PREVIEWS = YES;
				INFOPLIST_FILE = Habitz/Info.plist;
				IPHONEOS_DEPLOYMENT_TARGET = 14.1;
				LD_RUNPATH_SEARCH_PATHS = (
					"$(inherited)",
					"@executable_path/Frameworks",
				);
				MARKETING_VERSION = 1.0;
				PRODUCT_BUNDLE_IDENTIFIER = com.SamuelHepditch.Habitz;
				PRODUCT_NAME = "$(TARGET_NAME)";
				SWIFT_VERSION = 5.0;
				TARGETED_DEVICE_FAMILY = 1;
			};
			name = Release;
		};
/* End XCBuildConfiguration section */

/* Begin XCConfigurationList section */
		69A0033825F52B100018C0F0 /* Build configuration list for PBXProject "Habitz" */ = {
			isa = XCConfigurationList;
			buildConfigurations = (
				69A0035225F52B110018C0F0 /* Debug */,
				69A0035325F52B110018C0F0 /* Release */,
			);
			defaultConfigurationIsVisible = 0;
			defaultConfigurationName = Release;
		};
		69A0035425F52B110018C0F0 /* Build configuration list for PBXNativeTarget "Habitz" */ = {
			isa = XCConfigurationList;
			buildConfigurations = (
				69A0035525F52B110018C0F0 /* Debug */,
				69A0035625F52B110018C0F0 /* Release */,
			);
			defaultConfigurationIsVisible = 0;
			defaultConfigurationName = Release;
		};
/* End XCConfigurationList section */

/* Begin XCVersionGroup section */
		69A0034625F52B100018C0F0 /* Habitz.xcdatamodeld */ = {
			isa = XCVersionGroup;
			children = (
				69A0034725F52B100018C0F0 /* Habitz.xcdatamodel */,
			);
			currentVersion = 69A0034725F52B100018C0F0 /* Habitz.xcdatamodel */;
			path = Habitz.xcdatamodeld;
			sourceTree = "<group>";
			versionGroupType = wrapper.xcdatamodel;
		};
/* End XCVersionGroup section */
	};
	rootObject = 69A0033525F52B100018C0F0 /* Project object */;
}
