// !$*UTF8*$!
{
	archiveVersion = 1;
	classes = {
	};
	objectVersion = 50;
	objects = {

/* Begin PBXBuildFile section */
		6953939225F5320900D50D59 /* SettingsView.swift in Sources */ = {isa = PBXBuildFile; fileRef = 6953939125F5320900D50D59 /* SettingsView.swift */; };
		69A0034125F52B100018C0F0 /* AppDelegate.swift in Sources */ = {isa = PBXBuildFile; fileRef = 69A0034025F52B100018C0F0 /* AppDelegate.swift */; };
		69A0034325F52B100018C0F0 /* SceneDelegate.swift in Sources */ = {isa = PBXBuildFile; fileRef = 69A0034225F52B100018C0F0 /* SceneDelegate.swift */; };
		69A0034825F52B100018C0F0 /* Habitz.xcdatamodeld in Sources */ = {isa = PBXBuildFile; fileRef = 69A0034625F52B100018C0F0 /* Habitz.xcdatamodeld */; };
		69A0034A25F52B110018C0F0 /* Assets.xcassets in Resources */ = {isa = PBXBuildFile; fileRef = 69A0034925F52B110018C0F0 /* Assets.xcassets */; };
		69A0034D25F52B110018C0F0 /* Preview Assets.xcassets in Resources */ = {isa = PBXBuildFile; fileRef = 69A0034C25F52B110018C0F0 /* Preview Assets.xcassets */; };
		69A0035025F52B110018C0F0 /* LaunchScreen.storyboard in Resources */ = {isa = PBXBuildFile; fileRef = 69A0034E25F52B110018C0F0 /* LaunchScreen.storyboard */; };
		69A0035B25F52D080018C0F0 /* CreateHabitView.swift in Sources */ = {isa = PBXBuildFile; fileRef = 69A0035A25F52D080018C0F0 /* CreateHabitView.swift */; };
		69A0035F25F52D130018C0F0 /* HabitView.swift in Sources */ = {isa = PBXBuildFile; fileRef = 69A0035E25F52D130018C0F0 /* HabitView.swift */; };
		69A0036225F52D200018C0F0 /* NewHabitButton.swift in Sources */ = {isa = PBXBuildFile; fileRef = 69A0036125F52D200018C0F0 /* NewHabitButton.swift */; };
		69A0036525F52D640018C0F0 /* NewHabitView.swift in Sources */ = {isa = PBXBuildFile; fileRef = 69A0036425F52D640018C0F0 /* NewHabitView.swift */; };
		69A0036925F52DB40018C0F0 /* Habit.swift in Sources */ = {isa = PBXBuildFile; fileRef = 69A0036825F52DB40018C0F0 /* Habit.swift */; };
		69A0036D25F52DC90018C0F0 /* HabitArray.swift in Sources */ = {isa = PBXBuildFile; fileRef = 69A0036C25F52DC90018C0F0 /* HabitArray.swift */; };
		69A0037125F52EF40018C0F0 /* ProfileView.swift in Sources */ = {isa = PBXBuildFile; fileRef = 69A0037025F52EF40018C0F0 /* ProfileView.swift */; };
		69A0037A25F52F810018C0F0 /* ControlView.swift in Sources */ = {isa = PBXBuildFile; fileRef = 69A0037925F52F810018C0F0 /* ControlView.swift */; };
		69F5642C25F5652A000D6A33 /* MutateHabit.swift in Sources */ = {isa = PBXBuildFile; fileRef = 69F5642B25F5652A000D6A33 /* MutateHabit.swift */; };
/* End PBXBuildFile section */

/* Begin PBXFileReference section */
		6953939125F5320900D50D59 /* SettingsView.swift */ = {isa = PBXFileReference; lastKnownFileType = sourcecode.swift; path = SettingsView.swift; sourceTree = "<group>"; };
		69A0033D25F52B100018C0F0 /* Habitz.app */ = {isa = PBXFileReference; explicitFileType = wrapper.application; includeInIndex = 0; path = Habitz.app; sourceTree = BUILT_PRODUCTS_DIR; };
		69A0034025F52B100018C0F0 /* AppDelegate.swift */ = {isa = PBXFileReference; lastKnownFileType = sourcecode.swift; path = AppDelegate.swift; sourceTree = "<group>"; };
		69A0034225F52B100018C0F0 /* SceneDelegate.swift */ = {isa = PBXFileReference; lastKnownFileType = sourcecode.swift; path = SceneDelegate.swift; sourceTree = "<group>"; };
		69A0034725F52B100018C0F0 /* Habitz.xcdatamodel */ = {isa = PBXFileReference; lastKnownFileType = wrapper.xcdatamodel; path = Habitz.xcdatamodel; sourceTree = "<group>"; };
		69A0034925F52B110018C0F0 /* Assets.xcassets */ = {isa = PBXFileReference; lastKnownFileType = folder.assetcatalog; path = Assets.xcassets; sourceTree = "<group>"; };
		69A0034C25F52B110018C0F0 /* Preview Assets.xcassets */ = {isa = PBXFileReference; lastKnownFileType = folder.assetcatalog; path = "Preview Assets.xcassets"; sourceTree = "<group>"; };
		69A0034F25F52B110018C0F0 /* Base */ = {isa = PBXFileReference; lastKnownFileType = file.storyboard; name = Base; path = Base.lproj/LaunchScreen.storyboard; sourceTree = "<group>"; };
		69A0035125F52B110018C0F0 /* Info.plist */ = {isa = PBXFileReference; lastKnownFileType = text.plist.xml; path = Info.plist; sourceTree = "<group>"; };
		69A0035A25F52D080018C0F0 /* CreateHabitView.swift */ = {isa = PBXFileReference; lastKnownFileType = sourcecode.swift; path = CreateHabitView.swift; sourceTree = "<group>"; };
		69A0035E25F52D130018C0F0 /* HabitView.swift */ = {isa = PBXFileReference; lastKnownFileType = sourcecode.swift; path = HabitView.swift; sourceTree = "<group>"; };
		69A0036125F52D200018C0F0 /* NewHabitButton.swift */ = {isa = PBXFileReference; lastKnownFileType = sourcecode.swift; path = NewHabitButton.swift; sourceTree = "<group>"; };
		69A0036425F52D640018C0F0 /* NewHabitView.swift */ = {isa = PBXFileReference; lastKnownFileType = sourcecode.swift; path = NewHabitView.swift; sourceTree = "<group>"; };
		69A0036825F52DB40018C0F0 /* Habit.swift */ = {isa = PBXFileReference; lastKnownFileType = sourcecode.swift; path = Habit.swift; sourceTree = "<group>"; };
		69A0036C25F52DC90018C0F0 /* HabitArray.swift */ = {isa = PBXFileReference; lastKnownFileType = sourcecode.swift; path = HabitArray.swift; sourceTree = "<group>"; };
		69A0037025F52EF40018C0F0 /* ProfileView.swift */ = {isa = PBXFileReference; lastKnownFileType = sourcecode.swift; path = ProfileView.swift; sourceTree = "<group>"; };
		69A0037925F52F810018C0F0 /* ControlView.swift */ = {isa = PBXFileReference; lastKnownFileType = sourcecode.swift; path = ControlView.swift; sourceTree = "<group>"; };
		69F5642B25F5652A000D6A33 /* MutateHabit.swift */ = {isa = PBXFileReference; lastKnownFileType = sourcecode.swift; path = MutateHabit.swift; sourceTree = "<group>"; };
/* End PBXFileReference section */

/* Begin PBXFrameworksBuildPhase section */
		69A0033A25F52B100018C0F0 /* Frameworks */ = {
			isa = PBXFrameworksBuildPhase;
			buildActionMask = 2147483647;
			files = (
			);
			runOnlyForDeploymentPostprocessing = 0;
		};
/* End PBXFrameworksBuildPhase section */

/* Begin PBXGroup section */
		6923E35525F57A0300F80423 /* View */ = {
			isa = PBXGroup;
			children = (
				6923E35825F57A5D00F80423 /* NewHabit */,
				6923E35725F57A5300F80423 /* CreateHabit */,
				6923E35925F57A7000F80423 /* Habit */,
			);
			path = View;
			sourceTree = "<group>";
		};
		6923E35625F57A0A00F80423 /* Model */ = {
			isa = PBXGroup;
			children = (
				69F5642B25F5652A000D6A33 /* MutateHabit.swift */,
			);
			path = Model;
			sourceTree = "<group>";
		};
		6923E35725F57A5300F80423 /* CreateHabit */ = {
			isa = PBXGroup;
			children = (
				69A0035A25F52D080018C0F0 /* CreateHabitView.swift */,
			);
			path = CreateHabit;
			sourceTree = "<group>";
		};
		6923E35825F57A5D00F80423 /* NewHabit */ = {
			isa = PBXGroup;
			children = (
				69A0036425F52D640018C0F0 /* NewHabitView.swift */,
				69A0036125F52D200018C0F0 /* NewHabitButton.swift */,
			);
			path = NewHabit;
			sourceTree = "<group>";
		};
		6923E35925F57A7000F80423 /* Habit */ = {
			isa = PBXGroup;
			children = (
				6923E35A25F57A9100F80423 /* View */,
				6923E35625F57A0A00F80423 /* Model */,
			);
			path = Habit;
			sourceTree = "<group>";
		};
		6923E35A25F57A9100F80423 /* View */ = {
			isa = PBXGroup;
			children = (
				69A0035E25F52D130018C0F0 /* HabitView.swift */,
			);
			path = View;
			sourceTree = "<group>";
		};
		6953939025F531F500D50D59 /* Settings */ = {
			isa = PBXGroup;
			children = (
				6953939125F5320900D50D59 /* SettingsView.swift */,
			);
			path = Settings;
			sourceTree = "<group>";
		};
		69A0033425F52B100018C0F0 = {
			isa = PBXGroup;
			children = (
				69A0033F25F52B100018C0F0 /* Habitz */,
				69A0033E25F52B100018C0F0 /* Products */,
			);
			sourceTree = "<group>";
		};
		69A0033E25F52B100018C0F0 /* Products */ = {
			isa = PBXGroup;
			children = (
				69A0033D25F52B100018C0F0 /* Habitz.app */,
			);
			name = Products;
			sourceTree = "<group>";
		};
		69A0033F25F52B100018C0F0 /* Habitz */ = {
			isa = PBXGroup;
			children = (
				69A0037325F52F0E0018C0F0 /* Control */,
				69A0036F25F52EE00018C0F0 /* Profile */,
				69A0035925F52CF40018C0F0 /* HabitBuilder */,
				69A0036725F52D9D0018C0F0 /* Shared */,
				6953939025F531F500D50D59 /* Settings */,
				69A0034025F52B100018C0F0 /* AppDelegate.swift */,
				69A0034225F52B100018C0F0 /* SceneDelegate.swift */,
				69A0034925F52B110018C0F0 /* Assets.xcassets */,
				69A0034E25F52B110018C0F0 /* LaunchScreen.storyboard */,
				69A0035125F52B110018C0F0 /* Info.plist */,
				69A0034625F52B100018C0F0 /* Habitz.xcdatamodeld */,
				69A0034B25F52B110018C0F0 /* Preview Content */,
			);
			path = Habitz;
			sourceTree = "<group>";
		};
		69A0034B25F52B110018C0F0 /* Preview Content */ = {
			isa = PBXGroup;
			children = (
				69A0034C25F52B110018C0F0 /* Preview Assets.xcassets */,
			);
			path = "Preview Content";
			sourceTree = "<group>";
		};
		69A0035925F52CF40018C0F0 /* HabitBuilder */ = {
			isa = PBXGroup;
			children = (
				6923E35525F57A0300F80423 /* View */,
			);
			path = HabitBuilder;
			sourceTree = "<group>";
		};
		69A0036725F52D9D0018C0F0 /* Shared */ = {
			isa = PBXGroup;
			children = (
				69A0036825F52DB40018C0F0 /* Habit.swift */,
				69A0036C25F52DC90018C0F0 /* HabitArray.swift */,
			);
			path = Shared;
			sourceTree = "<group>";
		};
		69A0036F25F52EE00018C0F0 /* Profile */ = {
			isa = PBXGroup;
			children = (
				69A0037025F52EF40018C0F0 /* ProfileView.swift */,
			);
			path = Profile;
			sourceTree = "<group>";
		};
		69A0037325F52F0E0018C0F0 /* Control */ = {
			isa = PBXGroup;
			children = (
				69A0037925F52F810018C0F0 /* ControlView.swift */,
			);
			path = Control;
			sourceTree = "<group>";
		};
/* End PBXGroup section */

/* Begin PBXNativeTarget section */
		69A0033C25F52B100018C0F0 /* Habitz */ = {
			isa = PBXNativeTarget;
			buildConfigurationList = 69A0035425F52B110018C0F0 /* Build configuration list for PBXNativeTarget "Habitz" */;
			buildPhases = (
				69A0033925F52B100018C0F0 /* Sources */,
				69A0033A25F52B100018C0F0 /* Frameworks */,
				69A0033B25F52B100018C0F0 /* Resources */,
			);
			buildRules = (
			);
			dependencies = (
			);
			name = Habitz;
			productName = Habitz;
			productReference = 69A0033D25F52B100018C0F0 /* Habitz.app */;
			productType = "com.apple.product-type.application";
		};
/* End PBXNativeTarget section */

/* Begin PBXProject section */
		69A0033525F52B100018C0F0 /* Project object */ = {
			isa = PBXProject;
			attributes = {
				LastSwiftUpdateCheck = 1240;
				LastUpgradeCheck = 1240;
				TargetAttributes = {
					69A0033C25F52B100018C0F0 = {
						CreatedOnToolsVersion = 12.4;
					};
				};
			};
			buildConfigurationList = 69A0033825F52B100018C0F0 /* Build configuration list for PBXProject "Habitz" */;
			compatibilityVersion = "Xcode 9.3";
			developmentRegion = en;
			hasScannedForEncodings = 0;
			knownRegions = (
				en,
				Base,
			);
			mainGroup = 69A0033425F52B100018C0F0;
			productRefGroup = 69A0033E25F52B100018C0F0 /* Products */;
			projectDirPath = "";
			projectRoot = "";
			targets = (
				69A0033C25F52B100018C0F0 /* Habitz */,
			);
		};
/* End PBXProject section */

/* Begin PBXResourcesBuildPhase section */
		69A0033B25F52B100018C0F0 /* Resources */ = {
			isa = PBXResourcesBuildPhase;
			buildActionMask = 2147483647;
			files = (
				69A0035025F52B110018C0F0 /* LaunchScreen.storyboard in Resources */,
				69A0034D25F52B110018C0F0 /* Preview Assets.xcassets in Resources */,
				69A0034A25F52B110018C0F0 /* Assets.xcassets in Resources */,
			);
			runOnlyForDeploymentPostprocessing = 0;
		};
/* End PBXResourcesBuildPhase section */

/* Begin PBXSourcesBuildPhase section */
		69A0033925F52B100018C0F0 /* Sources */ = {
			isa = PBXSourcesBuildPhase;
			buildActionMask = 2147483647;
			files = (
				69A0034125F52B100018C0F0 /* AppDelegate.swift in Sources */,
				69A0034825F52B100018C0F0 /* Habitz.xcdatamodeld in Sources */,
				69A0037A25F52F810018C0F0 /* ControlView.swift in Sources */,
				69A0037125F52EF40018C0F0 /* ProfileView.swift in Sources */,
				69A0036525F52D640018C0F0 /* NewHabitView.swift in Sources */,
				69A0034325F52B100018C0F0 /* SceneDelegate.swift in Sources */,
				69A0036D25F52DC90018C0F0 /* HabitArray.swift in Sources */,
				69A0035B25F52D080018C0F0 /* CreateHabitView.swift in Sources */,
				69A0035F25F52D130018C0F0 /* HabitView.swift in Sources */,
				6953939225F5320900D50D59 /* SettingsView.swift in Sources */,
				69F5642C25F5652A000D6A33 /* MutateHabit.swift in Sources */,
				69A0036925F52DB40018C0F0 /* Habit.swift in Sources */,
				69A0036225F52D200018C0F0 /* NewHabitButton.swift in Sources */,
			);
			runOnlyForDeploymentPostprocessing = 0;
		};
/* End PBXSourcesBuildPhase section */

/* Begin PBXVariantGroup section */
		69A0034E25F52B110018C0F0 /* LaunchScreen.storyboard */ = {
			isa = PBXVariantGroup;
			children = (
				69A0034F25F52B110018C0F0 /* Base */,
			);
			name = LaunchScreen.storyboard;
			sourceTree = "<group>";
		};
/* End PBXVariantGroup section */

/* Begin XCBuildConfiguration section */
		69A0035225F52B110018C0F0 /* Debug */ = {
			isa = XCBuildConfiguration;
			buildSettings = {
				ALWAYS_SEARCH_USER_PATHS = NO;
				CLANG_ANALYZER_NONNULL = YES;
				CLANG_ANALYZER_NUMBER_OBJECT_CONVERSION = YES_AGGRESSIVE;
				CLANG_CXX_LANGUAGE_STANDARD = "gnu++14";
				CLANG_CXX_LIBRARY = "libc++";
				CLANG_ENABLE_MODULES = YES;
				CLANG_ENABLE_OBJC_ARC = YES;
				CLANG_ENABLE_OBJC_WEAK = YES;
				CLANG_WARN_BLOCK_CAPTURE_AUTORELEASING = YES;
				CLANG_WARN_BOOL_CONVERSION = YES;
				CLANG_WARN_COMMA = YES;
				CLANG_WARN_CONSTANT_CONVERSION = YES;
				CLANG_WARN_DEPRECATED_OBJC_IMPLEMENTATIONS = YES;
				CLANG_WARN_DIRECT_OBJC_ISA_USAGE = YES_ERROR;
				CLANG_WARN_DOCUMENTATION_COMMENTS = YES;
				CLANG_WARN_EMPTY_BODY = YES;
				CLANG_WARN_ENUM_CONVERSION = YES;
				CLANG_WARN_INFINITE_RECURSION = YES;
				CLANG_WARN_INT_CONVERSION = YES;
				CLANG_WARN_NON_LITERAL_NULL_CONVERSION = YES;
				CLANG_WARN_OBJC_IMPLICIT_RETAIN_SELF = YES;
				CLANG_WARN_OBJC_LITERAL_CONVERSION = YES;
				CLANG_WARN_OBJC_ROOT_CLASS = YES_ERROR;
				CLANG_WARN_QUOTED_INCLUDE_IN_FRAMEWORK_HEADER = YES;
				CLANG_WARN_RANGE_LOOP_ANALYSIS = YES;
				CLANG_WARN_STRICT_PROTOTYPES = YES;
				CLANG_WARN_SUSPICIOUS_MOVE = YES;
				CLANG_WARN_UNGUARDED_AVAILABILITY = YES_AGGRESSIVE;
				CLANG_WARN_UNREACHABLE_CODE = YES;
				CLANG_WARN__DUPLICATE_METHOD_MATCH = YES;
				COPY_PHASE_STRIP = NO;
				DEBUG_INFORMATION_FORMAT = dwarf;
				ENABLE_STRICT_OBJC_MSGSEND = YES;
				ENABLE_TESTABILITY = YES;
				GCC_C_LANGUAGE_STANDARD = gnu11;
				GCC_DYNAMIC_NO_PIC = NO;
				GCC_NO_COMMON_BLOCKS = YES;
				GCC_OPTIMIZATION_LEVEL = 0;
				GCC_PREPROCESSOR_DEFINITIONS = (
					"DEBUG=1",
					"$(inherited)",
				);
				GCC_WARN_64_TO_32_BIT_CONVERSION = YES;
				GCC_WARN_ABOUT_RETURN_TYPE = YES_ERROR;
				GCC_WARN_UNDECLARED_SELECTOR = YES;
				GCC_WARN_UNINITIALIZED_AUTOS = YES_AGGRESSIVE;
				GCC_WARN_UNUSED_FUNCTION = YES;
				GCC_WARN_UNUSED_VARIABLE = YES;
				IPHONEOS_DEPLOYMENT_TARGET = 14.4;
				MTL_ENABLE_DEBUG_INFO = INCLUDE_SOURCE;
				MTL_FAST_MATH = YES;
				ONLY_ACTIVE_ARCH = YES;
				SDKROOT = iphoneos;
				SWIFT_ACTIVE_COMPILATION_CONDITIONS = DEBUG;
				SWIFT_OPTIMIZATION_LEVEL = "-Onone";
			};
			name = Debug;
		};
		69A0035325F52B110018C0F0 /* Release */ = {
			isa = XCBuildConfiguration;
			buildSettings = {
				ALWAYS_SEARCH_USER_PATHS = NO;
				CLANG_ANALYZER_NONNULL = YES;
				CLANG_ANALYZER_NUMBER_OBJECT_CONVERSION = YES_AGGRESSIVE;
				CLANG_CXX_LANGUAGE_STANDARD = "gnu++14";
				CLANG_CXX_LIBRARY = "libc++";
				CLANG_ENABLE_MODULES = YES;
				CLANG_ENABLE_OBJC_ARC = YES;
				CLANG_ENABLE_OBJC_WEAK = YES;
				CLANG_WARN_BLOCK_CAPTURE_AUTORELEASING = YES;
				CLANG_WARN_BOOL_CONVERSION = YES;
				CLANG_WARN_COMMA = YES;
				CLANG_WARN_CONSTANT_CONVERSION = YES;
				CLANG_WARN_DEPRECATED_OBJC_IMPLEMENTATIONS = YES;
				CLANG_WARN_DIRECT_OBJC_ISA_USAGE = YES_ERROR;
				CLANG_WARN_DOCUMENTATION_COMMENTS = YES;
				CLANG_WARN_EMPTY_BODY = YES;
				CLANG_WARN_ENUM_CONVERSION = YES;
				CLANG_WARN_INFINITE_RECURSION = YES;
				CLANG_WARN_INT_CONVERSION = YES;
				CLANG_WARN_NON_LITERAL_NULL_CONVERSION = YES;
				CLANG_WARN_OBJC_IMPLICIT_RETAIN_SELF = YES;
				CLANG_WARN_OBJC_LITERAL_CONVERSION = YES;
				CLANG_WARN_OBJC_ROOT_CLASS = YES_ERROR;
				CLANG_WARN_QUOTED_INCLUDE_IN_FRAMEWORK_HEADER = YES;
				CLANG_WARN_RANGE_LOOP_ANALYSIS = YES;
				CLANG_WARN_STRICT_PROTOTYPES = YES;
				CLANG_WARN_SUSPICIOUS_MOVE = YES;
				CLANG_WARN_UNGUARDED_AVAILABILITY = YES_AGGRESSIVE;
				CLANG_WARN_UNREACHABLE_CODE = YES;
				CLANG_WARN__DUPLICATE_METHOD_MATCH = YES;
				COPY_PHASE_STRIP = NO;
				DEBUG_INFORMATION_FORMAT = "dwarf-with-dsym";
				ENABLE_NS_ASSERTIONS = NO;
				ENABLE_STRICT_OBJC_MSGSEND = YES;
				GCC_C_LANGUAGE_STANDARD = gnu11;
				GCC_NO_COMMON_BLOCKS = YES;
				GCC_WARN_64_TO_32_BIT_CONVERSION = YES;
				GCC_WARN_ABOUT_RETURN_TYPE = YES_ERROR;
				GCC_WARN_UNDECLARED_SELECTOR = YES;
				GCC_WARN_UNINITIALIZED_AUTOS = YES_AGGRESSIVE;
				GCC_WARN_UNUSED_FUNCTION = YES;
				GCC_WARN_UNUSED_VARIABLE = YES;
				IPHONEOS_DEPLOYMENT_TARGET = 14.4;
				MTL_ENABLE_DEBUG_INFO = NO;
				MTL_FAST_MATH = YES;
				SDKROOT = iphoneos;
				SWIFT_COMPILATION_MODE = wholemodule;
				SWIFT_OPTIMIZATION_LEVEL = "-O";
				VALIDATE_PRODUCT = YES;
			};
			name = Release;
		};
		69A0035525F52B110018C0F0 /* Debug */ = {
			isa = XCBuildConfiguration;
			buildSettings = {
				ASSETCATALOG_COMPILER_APPICON_NAME = AppIcon;
				ASSETCATALOG_COMPILER_GLOBAL_ACCENT_COLOR_NAME = AccentColor;
				CODE_SIGN_STYLE = Automatic;
				DEVELOPMENT_ASSET_PATHS = "\"Habitz/Preview Content\"";
				DEVELOPMENT_TEAM = 999U7X78VH;
				ENABLE_PREVIEWS = YES;
				INFOPLIST_FILE = Habitz/Info.plist;
				LD_RUNPATH_SEARCH_PATHS = (
					"$(inherited)",
					"@executable_path/Frameworks",
				);
				PRODUCT_BUNDLE_IDENTIFIER = com.SamuelHepditch.Habitz;
				PRODUCT_NAME = "$(TARGET_NAME)";
				SWIFT_VERSION = 5.0;
				TARGETED_DEVICE_FAMILY = "1,2";
			};
			name = Debug;
		};
		69A0035625F52B110018C0F0 /* Release */ = {
			isa = XCBuildConfiguration;
			buildSettings = {
				ASSETCATALOG_COMPILER_APPICON_NAME = AppIcon;
				ASSETCATALOG_COMPILER_GLOBAL_ACCENT_COLOR_NAME = AccentColor;
				CODE_SIGN_STYLE = Automatic;
				DEVELOPMENT_ASSET_PATHS = "\"Habitz/Preview Content\"";
				DEVELOPMENT_TEAM = 999U7X78VH;
				ENABLE_PREVIEWS = YES;
				INFOPLIST_FILE = Habitz/Info.plist;
				LD_RUNPATH_SEARCH_PATHS = (
					"$(inherited)",
					"@executable_path/Frameworks",
				);
				PRODUCT_BUNDLE_IDENTIFIER = com.SamuelHepditch.Habitz;
				PRODUCT_NAME = "$(TARGET_NAME)";
				SWIFT_VERSION = 5.0;
				TARGETED_DEVICE_FAMILY = "1,2";
			};
			name = Release;
		};
/* End XCBuildConfiguration section */

/* Begin XCConfigurationList section */
		69A0033825F52B100018C0F0 /* Build configuration list for PBXProject "Habitz" */ = {
			isa = XCConfigurationList;
			buildConfigurations = (
				69A0035225F52B110018C0F0 /* Debug */,
				69A0035325F52B110018C0F0 /* Release */,
			);
			defaultConfigurationIsVisible = 0;
			defaultConfigurationName = Release;
		};
		69A0035425F52B110018C0F0 /* Build configuration list for PBXNativeTarget "Habitz" */ = {
			isa = XCConfigurationList;
			buildConfigurations = (
				69A0035525F52B110018C0F0 /* Debug */,
				69A0035625F52B110018C0F0 /* Release */,
			);
			defaultConfigurationIsVisible = 0;
			defaultConfigurationName = Release;
		};
/* End XCConfigurationList section */

/* Begin XCVersionGroup section */
		69A0034625F52B100018C0F0 /* Habitz.xcdatamodeld */ = {
			isa = XCVersionGroup;
			children = (
				69A0034725F52B100018C0F0 /* Habitz.xcdatamodel */,
			);
			currentVersion = 69A0034725F52B100018C0F0 /* Habitz.xcdatamodel */;
			path = Habitz.xcdatamodeld;
			sourceTree = "<group>";
			versionGroupType = wrapper.xcdatamodel;
		};
/* End XCVersionGroup section */
	};
	rootObject = 69A0033525F52B100018C0F0 /* Project object */;
}
